Microsoft Visual Studio Solution File, Format Version 10.00
# Visual Studio 2008
Project("{FAE04EC0-301F-11D3-BF4B-00C04F79EFBC}") = "FormatCondititonsDesigner", "FormatCondititonsDesigner.csproj", "{A81DC0EF-09AC-4131-AEF6-E8929CC4D951}"
EndProject
Global
	GlobalSection(SolutionConfigurationPlatforms) = preSolution
		Debug|Any CPU = Debug|Any CPU
		Release|Any CPU = Release|Any CPU
	EndGlobalSection
	GlobalSection(ProjectConfigurationPlatforms) = postSolution
		{A81DC0EF-09AC-4131-AEF6-E8929CC4D951}.Debug|Any CPU.ActiveCfg = Debug|Any CPU
		{A81DC0EF-09AC-4131-AEF6-E8929CC4D951}.Debug|Any CPU.Build.0 = Debug|Any CPU
		{A81DC0EF-09AC-4131-AEF6-E8929CC4D951}.Release|Any CPU.ActiveCfg = Release|Any CPU
		{A81DC0EF-09AC-4131-AEF6-E8929CC4D951}.Release|Any CPU.Build.0 = Release|Any CPU
	EndGlobalSection
	GlobalSection(SolutionProperties) = preSolution
		HideSolutionNode = FALSE
	EndGlobalSection
EndGlobal
